
Microsoft Visual Studio Solution File, Format Version 12.00
# Visual Studio 14
VisualStudioVersion = 14.0.23107.0
MinimumVisualStudioVersion = 10.0.40219.1
Project("{FAE04EC0-301F-11D3-BF4B-00C04F79EFBC}") = "GitTestProject", "GitTestProject\GitTestProject.csproj", "{310A9CC8-62EE-4F6A-A5B8-FF9E60EBCD4F}"
EndProject
Project("{FAE04EC0-301F-11D3-BF4B-00C04F79EFBC}") = "Djur", "AbstractExample\Djur.csproj", "{64C0E509-2884-4B4D-8655-D722999BD82E}"
EndProject
Project("{FAE04EC0-301F-11D3-BF4B-00C04F79EFBC}") = "Extensions", "Extensions\Extensions.csproj", "{2784A802-84A4-4543-AFC4-59D4AC622896}"
EndProject
Project("{FAE04EC0-301F-11D3-BF4B-00C04F79EFBC}") = "Conversions", "Conversions\Conversions.csproj", "{38C050D5-A08B-4259-9D13-C3FA03574624}"
EndProject
Global
	GlobalSection(SolutionConfigurationPlatforms) = preSolution
		Debug|Any CPU = Debug|Any CPU
		Release|Any CPU = Release|Any CPU
	EndGlobalSection
	GlobalSection(ProjectConfigurationPlatforms) = postSolution
		{310A9CC8-62EE-4F6A-A5B8-FF9E60EBCD4F}.Debug|Any CPU.ActiveCfg = Debug|Any CPU
		{310A9CC8-62EE-4F6A-A5B8-FF9E60EBCD4F}.Debug|Any CPU.Build.0 = Debug|Any CPU
		{310A9CC8-62EE-4F6A-A5B8-FF9E60EBCD4F}.Release|Any CPU.ActiveCfg = Release|Any CPU
		{310A9CC8-62EE-4F6A-A5B8-FF9E60EBCD4F}.Release|Any CPU.Build.0 = Release|Any CPU
		{64C0E509-2884-4B4D-8655-D722999BD82E}.Debug|Any CPU.ActiveCfg = Debug|Any CPU
		{64C0E509-2884-4B4D-8655-D722999BD82E}.Debug|Any CPU.Build.0 = Debug|Any CPU
		{64C0E509-2884-4B4D-8655-D722999BD82E}.Release|Any CPU.ActiveCfg = Release|Any CPU
		{64C0E509-2884-4B4D-8655-D722999BD82E}.Release|Any CPU.Build.0 = Release|Any CPU
		{2784A802-84A4-4543-AFC4-59D4AC622896}.Debug|Any CPU.ActiveCfg = Debug|Any CPU
		{2784A802-84A4-4543-AFC4-59D4AC622896}.Debug|Any CPU.Build.0 = Debug|Any CPU
		{2784A802-84A4-4543-AFC4-59D4AC622896}.Release|Any CPU.ActiveCfg = Release|Any CPU
		{2784A802-84A4-4543-AFC4-59D4AC622896}.Release|Any CPU.Build.0 = Release|Any CPU
		{38C050D5-A08B-4259-9D13-C3FA03574624}.Debug|Any CPU.ActiveCfg = Debug|Any CPU
		{38C050D5-A08B-4259-9D13-C3FA03574624}.Debug|Any CPU.Build.0 = Debug|Any CPU
		{38C050D5-A08B-4259-9D13-C3FA03574624}.Release|Any CPU.ActiveCfg = Release|Any CPU
		{38C050D5-A08B-4259-9D13-C3FA03574624}.Release|Any CPU.Build.0 = Release|Any CPU
	EndGlobalSection
	GlobalSection(SolutionProperties) = preSolution
		HideSolutionNode = FALSE
	EndGlobalSection
EndGlobal
